{
  "name": "@lancejpollard/tierra.aws.cloud.js",
  "version": "1.1.0",
  "lockfileVersion": 1,
  "requires": true,
  "dependencies": {
    "@lancejpollard/tierra.js": {
      "version": "1.0.1",
      "resolved": "https://registry.npmjs.org/@lancejpollard/tierra.js/-/tierra.js-1.0.1.tgz",
      "integrity": "sha512-A+A5QhB7Yo45EMfokPzDoMbGP60Nao23tTSvMTpqj3NM9JJka4wg7gVU8E/BlBQk0R48JxiZ8Scqf6BSubbCmA=="
    },
    "moment": {
      "version": "2.29.2",
      "resolved": "https://registry.npmjs.org/moment/-/moment-2.29.2.tgz",
      "integrity": "sha512-UgzG4rvxYpN15jgCmVJwac49h9ly9NurikMWGPdVxm8GZD6XjkKPxDTjQQ43gtGgnV3X0cAyWDdP2Wexoquifg=="
    }
  }
}
